
Microsoft Visual Studio Solution File, Format Version 12.00
# Visual Studio Version 16
VisualStudioVersion = 16.0.30711.63
MinimumVisualStudioVersion = 10.0.40219.1
Project("{FAE04EC0-301F-11D3-BF4B-00C04F79EFBC}") = "XUnitTest-Logiwa-v1.0", "XUnitTest-Logiwa-v1.0\XUnitTest-Logiwa-v1.0.csproj", "{FA5FCC56-90E5-4BBE-B49A-A190319D4B36}"
EndProject
Global
	GlobalSection(SolutionConfigurationPlatforms) = preSolution
		Debug|Any CPU = Debug|Any CPU
		Release|Any CPU = Release|Any CPU
	EndGlobalSection
	GlobalSection(ProjectConfigurationPlatforms) = postSolution
		{FA5FCC56-90E5-4BBE-B49A-A190319D4B36}.Debug|Any CPU.ActiveCfg = Debug|Any CPU
		{FA5FCC56-90E5-4BBE-B49A-A190319D4B36}.Debug|Any CPU.Build.0 = Debug|Any CPU
		{FA5FCC56-90E5-4BBE-B49A-A190319D4B36}.Release|Any CPU.ActiveCfg = Release|Any CPU
		{FA5FCC56-90E5-4BBE-B49A-A190319D4B36}.Release|Any CPU.Build.0 = Release|Any CPU
	EndGlobalSection
	GlobalSection(SolutionProperties) = preSolution
		HideSolutionNode = FALSE
	EndGlobalSection
	GlobalSection(ExtensibilityGlobals) = postSolution
		SolutionGuid = {49A6617F-FEDA-4F62-9DE0-82818CFAE9D6}
	EndGlobalSection
EndGlobal
